
Microsoft Visual Studio Solution File, Format Version 12.00
# Visual Studio Version 17
VisualStudioVersion = 17.14.36301.6
MinimumVisualStudioVersion = 10.0.40219.1
Project("{FAE04EC0-301F-11D3-BF4B-00C04F79EFBC}") = "Biblioteca.Web", "Biblioteca.Web\Biblioteca.Web.csproj", "{34DCD765-D731-49F3-856D-0F08B64F9A6D}"
EndProject
Project("{FAE04EC0-301F-11D3-BF4B-00C04F79EFBC}") = "Biblioteca.Core", "Biblioteca.Core\Biblioteca.Core.csproj", "{60FF289C-AD48-46C8-AAD2-2D12FA3550BE}"
EndProject
Project("{FAE04EC0-301F-11D3-BF4B-00C04F79EFBC}") = "Biblioteca.Data", "Biblioteca.Data\Biblioteca.Data.csproj", "{CFB9B089-1BE8-4B57-8799-923D18899616}"
EndProject
Global
	GlobalSection(SolutionConfigurationPlatforms) = preSolution
		Debug|Any CPU = Debug|Any CPU
		Release|Any CPU = Release|Any CPU
	EndGlobalSection
	GlobalSection(ProjectConfigurationPlatforms) = postSolution
		{34DCD765-D731-49F3-856D-0F08B64F9A6D}.Debug|Any CPU.ActiveCfg = Debug|Any CPU
		{34DCD765-D731-49F3-856D-0F08B64F9A6D}.Debug|Any CPU.Build.0 = Debug|Any CPU
		{34DCD765-D731-49F3-856D-0F08B64F9A6D}.Release|Any CPU.ActiveCfg = Release|Any CPU
		{34DCD765-D731-49F3-856D-0F08B64F9A6D}.Release|Any CPU.Build.0 = Release|Any CPU
		{60FF289C-AD48-46C8-AAD2-2D12FA3550BE}.Debug|Any CPU.ActiveCfg = Debug|Any CPU
		{60FF289C-AD48-46C8-AAD2-2D12FA3550BE}.Debug|Any CPU.Build.0 = Debug|Any CPU
		{60FF289C-AD48-46C8-AAD2-2D12FA3550BE}.Release|Any CPU.ActiveCfg = Release|Any CPU
		{60FF289C-AD48-46C8-AAD2-2D12FA3550BE}.Release|Any CPU.Build.0 = Release|Any CPU
		{CFB9B089-1BE8-4B57-8799-923D18899616}.Debug|Any CPU.ActiveCfg = Debug|Any CPU
		{CFB9B089-1BE8-4B57-8799-923D18899616}.Debug|Any CPU.Build.0 = Debug|Any CPU
		{CFB9B089-1BE8-4B57-8799-923D18899616}.Release|Any CPU.ActiveCfg = Release|Any CPU
		{CFB9B089-1BE8-4B57-8799-923D18899616}.Release|Any CPU.Build.0 = Release|Any CPU
	EndGlobalSection
	GlobalSection(SolutionProperties) = preSolution
		HideSolutionNode = FALSE
	EndGlobalSection
	GlobalSection(ExtensibilityGlobals) = postSolution
		SolutionGuid = {B8B6CDE2-C9FE-4CF2-9B97-FB0E50020700}
	EndGlobalSection
EndGlobal
